github.com/andygrunwald/go-jira v1.6.0 h1:3MnayaTwpkoFxClyRlrAfOAH83wCWjaZoZcW76Kly+o=
github.com/andygrunwald/go-jira v1.6.0/go.mod h1:yNYQrX3nGSrVdcVsM2mWz2pm7tTeDtYfRyVEkc3VUiY=
github.com/andygrunwald/go-jira v1.7.0 h1:v90YdQVNVavHWPVuq252JqzENaqisEiZWnvnJx1pCh4=
github.com/andygrunwald/go-jira v1.7.0/go.mod h1:yNYQrX3nGSrVdcVsM2mWz2pm7tTeDtYfRyVEkc3VUiY=
github.com/andygrunwald/go-jira v1.8.0 h1:xe+HLB809FZVifXCfyO4j5aurHC1z6iOT444HgF7xyg=
github.com/andygrunwald/go-jira v1.8.0/go.mod h1:yNYQrX3nGSrVdcVsM2mWz2pm7tTeDtYfRyVEkc3VUiY=
github.com/eko/flowbot v0.0.0-20180831151913-57ae5563eaca h1:pLtocrtEPxHk4175khAhzZBYraXVOjYQYd+ck0zS9YY=
github.com/eko/flowbot v0.0.0-20180831151913-57ae5563eaca/go.mod h1:Vz6m7teVmRM6wA/H4/0XvETGtH6Aw6kAllG5HzeTNms=
github.com/fatih/structs v1.1.0 h1:Q7juDM0QtcnhCpeyLGQKyg4TOIghuNXrkL32pHAUMxo=
github.com/fatih/structs v1.1.0/go.mod h1:9NiDSp5zOcgEDl+j00MP/WkGVPOlPRLejGD8Ga6PJ7M=
github.com/google/go-querystring v1.0.0 h1:Xkwi/a1rcvNg1PPYe5vI8GbeBY/jrVuDX5ASuANWTrk=
github.com/google/go-querystring v1.0.0/go.mod h1:odCYkC5MyYFN7vkCjXpyrEuKhc/BUO6wN/zVPAxq5ck=
github.com/jasonlvhit/gocron v0.0.0-20190121134850-6771d4b492ba h1:uQgbHQ3qODYqXXzEf5MPEXRYAtG86jlItxtXCaIrEe8=
github.com/jasonlvhit/gocron v0.0.0-20190121134850-6771d4b492ba/go.mod h1:rwi/esz/h+4oWLhbWWK7f6dtmgLzxeZhnwGr7MCsTNk=
github.com/kardianos/service v1.0.0 h1:HgQS3mFfOlyntWX8Oke98JcJLqt1DBcHR4kxShpYef0=
github.com/kardianos/service v1.0.0/go.mod h1:8CzDhVuCuugtsHyZoTvsOBuvonN/UDBvl0kH+BUxvbo=
github.com/pkg/errors v0.8.1 h1:iURUrRGxPUNPdy5/HRSm+Yj6okJ6UtLINN0Q9M4+h3I=
github.com/pkg/errors v0.8.1/go.mod h1:bwawxfHBFNV+L2hUp1rHADufV3IMtnDRdf1r5NINEl0=
github.com/rickar/cal v1.0.1 h1:Tyjkk4sBvVC3gcXCgLowEM53R2eVfFcoi1gtQuocrmk=
github.com/rickar/cal v1.0.1/go.mod h1:3GBx8OBrvh4/y/JTxM0e1bUUIHMnqILl1rMANHWExxQ=
github.com/trivago/tgo v1.0.5 h1:ihzy8zFF/LPsd8oxsjYOE8CmyOTNViyFCy0EaFreUIk=
github.com/trivago/tgo v1.0.5/go.mod h1:w4dpD+3tzNIIiIfkWWa85w5/B77tlvdZckQ+6PkFnhc=
golang.org/x/sys v0.0.0-20190204203706-41f3e6584952/go.mod h1:STP8DvDyc/dI5b8T5hshtkjS+E42TnysNCUPdjciGhY=
