# This file is autogenerated, do not edit; changes may be undone by the next 'dep ensure'.


[[projects]]
  digest = "1:84c2663ac5412a2eed8d0270c260b5b12cc8dfbc1dc7fc03ece0a7f60f169afd"
  name = "github.com/andygrunwald/go-jira"
  packages = ["."]
  pruneopts = ""
  revision = "e2a9240a5cdecd666b9e2f7b5b20343022b4d467"
  version = "1.6.0"

[[projects]]
  branch = "master"
  digest = "1:aa59b96e6dbc7f9a5f2bf9ae336baea9f54d74a696dcd3e0a6081dc200796364"
  name = "github.com/eko/flowbot"
  packages = ["."]
  pruneopts = ""
  revision = "57ae5563eaca41aa5e02bf91decdca3fc6b4b4ff"

[[projects]]
  digest = "1:2defd14040b1ca18840524e9d0f9cfab0ea8d2f2d396b343d221f8bc8e21ab9d"
  name = "github.com/fatih/structs"
  packages = ["."]
  pruneopts = ""
  revision = "4966fc68f5b7593aafa6cbbba2d65ec6e1416047"
  version = "v1.1.0"

[[projects]]
  branch = "master"
  digest = "1:cea4aa2038169ee558bf507d5ea02c94ca85bcca28a4c7bb99fd59b31e43a686"
  name = "github.com/google/go-querystring"
  packages = ["query"]
  pruneopts = ""
  revision = "44c6ddd0a2342c386950e880b658017258da92fc"

[[projects]]
  branch = "master"
  digest = "1:33b76de987ff2353a0bef8f81b15b3ae462f7c47a0fd0e90798de1100ce34aad"
  name = "github.com/jasonlvhit/gocron"
  packages = ["."]
  pruneopts = ""
  revision = "54194c9749d48b073c9aeb2c787b6882e95dd0cd"

[[projects]]
  branch = "master"
  digest = "1:2c5ad58492804c40bdaf5d92039b0cde8b5becd2b7feeb37d7d1cc36a8aa8dbe"
  name = "github.com/kardianos/osext"
  packages = ["."]
  pruneopts = ""
  revision = "ae77be60afb1dcacde03767a8c37337fad28ac14"

[[projects]]
  branch = "master"
  digest = "1:b67a6e3fb3e73af53957f6efad78e9b0083c2bb975907b6a04860f8f9ecc07cd"
  name = "github.com/kardianos/service"
  packages = ["."]
  pruneopts = ""
  revision = "4c239ee84e7bb93441b1b6a3f2db62d40e0e6cbd"

[[projects]]
  digest = "1:1d7e1867c49a6dd9856598ef7c3123604ea3daabf5b83f303ff457bcbc410b1d"
  name = "github.com/pkg/errors"
  packages = ["."]
  pruneopts = ""
  revision = "ba968bfe8b2f7e042a574c888954fccecfa385b4"
  version = "v0.8.1"

[[projects]]
  digest = "1:68424e690d4ab241fec8b670af106312dd342f63c0652c663d5bb50d2b2ceb6f"
  name = "github.com/rickar/cal"
  packages = ["."]
  pruneopts = ""
  revision = "bbef9cc051b459b045d9c8a2e814f245d1bb0865"
  version = "v1.0.0"

[[projects]]
  digest = "1:471709b37294bd0697943616565540c7f790a3399edbb4f016fc6808d42e4c52"
  name = "github.com/trivago/tgo"
  packages = [
    "tcontainer",
    "treflect",
  ]
  pruneopts = ""
  revision = "315f955fa460a324c1de2f5d576a87c922c8bd93"
  version = "v1.0.5"

[[projects]]
  branch = "master"
  digest = "1:682e21255aca5ab896dd001984417c1a13cea5fc7821c79455d9f9d34e35c6d1"
  name = "golang.org/x/sys"
  packages = [
    "windows",
    "windows/registry",
    "windows/svc",
    "windows/svc/eventlog",
    "windows/svc/mgr",
  ]
  pruneopts = ""
  revision = "48ac38b7c8cbedd50b1613c0fccacfc7d88dfcdf"

[solve-meta]
  analyzer-name = "dep"
  analyzer-version = 1
  input-imports = [
    "github.com/andygrunwald/go-jira",
    "github.com/eko/flowbot",
    "github.com/jasonlvhit/gocron",
    "github.com/kardianos/service",
    "github.com/rickar/cal",
  ]
  solver-name = "gps-cdcl"
  solver-version = 1
