# This file is autogenerated, do not edit; changes may be undone by the next 'dep ensure'.


[[projects]]
  digest = "1:576ebc1b3588aafc3526a73b7c1b66cbb47b8c41a915426a1d61ced6b37ed206"
  name = "github.com/andygrunwald/go-jira"
  packages = ["."]
  pruneopts = ""
  revision = "0298784c4606cdf01e99644da115863c052a737c"
  version = "v1.5.0"

[[projects]]
  branch = "master"
  digest = "1:aa59b96e6dbc7f9a5f2bf9ae336baea9f54d74a696dcd3e0a6081dc200796364"
  name = "github.com/eko/flowbot"
  packages = ["."]
  pruneopts = ""
  revision = "57ae5563eaca41aa5e02bf91decdca3fc6b4b4ff"

[[projects]]
  digest = "1:55848e643a99a9dfceb19e090ce67111328fbb1780f34c62a0430994ff85fb90"
  name = "github.com/fatih/structs"
  packages = ["."]
  pruneopts = ""
  revision = "a720dfa8df582c51dee1b36feabb906bde1588bd"
  version = "v1.0"

[[projects]]
  branch = "master"
  digest = "1:9abc49f39e3e23e262594bb4fb70abf74c0c99e94f99153f43b143805e850719"
  name = "github.com/google/go-querystring"
  packages = ["query"]
  pruneopts = ""
  revision = "53e6ce116135b80d037921a7fdd5138cf32d7a8a"

[[projects]]
  branch = "master"
  digest = "1:33b76de987ff2353a0bef8f81b15b3ae462f7c47a0fd0e90798de1100ce34aad"
  name = "github.com/jasonlvhit/gocron"
  packages = ["."]
  pruneopts = ""
  revision = "54194c9749d48b073c9aeb2c787b6882e95dd0cd"

[[projects]]
  branch = "master"
  digest = "1:2c5ad58492804c40bdaf5d92039b0cde8b5becd2b7feeb37d7d1cc36a8aa8dbe"
  name = "github.com/kardianos/osext"
  packages = ["."]
  pruneopts = ""
  revision = "ae77be60afb1dcacde03767a8c37337fad28ac14"

[[projects]]
  branch = "master"
  digest = "1:b9a852e3614246740659ff6af2b3c39a92e6bcf774f6a53ac1b2a05a5a3625aa"
  name = "github.com/kardianos/service"
  packages = ["."]
  pruneopts = ""
  revision = "8f267d80f2eb68998661a325c0e53fca4485e626"

[[projects]]
  digest = "1:7365acd48986e205ccb8652cc746f09c8b7876030d53710ea6ef7d0bd0dcd7ca"
  name = "github.com/pkg/errors"
  packages = ["."]
  pruneopts = ""
  revision = "645ef00459ed84a119197bfb8d8205042c6df63d"
  version = "v0.8.0"

[[projects]]
  branch = "master"
  digest = "1:7180b8d84d3607d85b11dd6121a1fa24ede4a81b4456cef17e57b4038883ce10"
  name = "github.com/rickar/cal"
  packages = ["."]
  pruneopts = ""
  revision = "34e84d6b556c34731430a8ca083e4ab96b1b334e"

[[projects]]
  digest = "1:471709b37294bd0697943616565540c7f790a3399edbb4f016fc6808d42e4c52"
  name = "github.com/trivago/tgo"
  packages = [
    "tcontainer",
    "treflect",
  ]
  pruneopts = ""
  revision = "315f955fa460a324c1de2f5d576a87c922c8bd93"
  version = "v1.0.5"

[[projects]]
  branch = "master"
  digest = "1:85fab7aaca4239017b02462635379f0b2203ab47961216c8e64b5fb48601ab4f"
  name = "golang.org/x/sys"
  packages = [
    "windows",
    "windows/registry",
    "windows/svc",
    "windows/svc/eventlog",
    "windows/svc/mgr",
  ]
  pruneopts = ""
  revision = "fa5fdf94c78965f1aa8423f0cc50b8b8d728b05a"

[solve-meta]
  analyzer-name = "dep"
  analyzer-version = 1
  input-imports = [
    "github.com/andygrunwald/go-jira",
    "github.com/eko/flowbot",
    "github.com/jasonlvhit/gocron",
    "github.com/kardianos/service",
    "github.com/rickar/cal",
  ]
  solver-name = "gps-cdcl"
  solver-version = 1
