# This file is autogenerated, do not edit; changes may be undone by the next 'dep ensure'.


[[projects]]
  digest = "1:576ebc1b3588aafc3526a73b7c1b66cbb47b8c41a915426a1d61ced6b37ed206"
  name = "github.com/andygrunwald/go-jira"
  packages = ["."]
  pruneopts = ""
  revision = "0298784c4606cdf01e99644da115863c052a737c"
  version = "v1.5.0"

[[projects]]
  branch = "master"
  digest = "1:f4f003e25c7ea2c8fd97b8f7da6a10b3e4d1f4684d3b6aa3e16a488ae0e28448"
  name = "github.com/eko/flowbot"
  packages = ["."]
  pruneopts = ""
  revision = "9eb0895a3e5fb787583ffd3ade43daa20989c06b"

[[projects]]
  digest = "1:55848e643a99a9dfceb19e090ce67111328fbb1780f34c62a0430994ff85fb90"
  name = "github.com/fatih/structs"
  packages = ["."]
  pruneopts = ""
  revision = "a720dfa8df582c51dee1b36feabb906bde1588bd"
  version = "v1.0"

[[projects]]
  branch = "master"
  digest = "1:9abc49f39e3e23e262594bb4fb70abf74c0c99e94f99153f43b143805e850719"
  name = "github.com/google/go-querystring"
  packages = ["query"]
  pruneopts = ""
  revision = "53e6ce116135b80d037921a7fdd5138cf32d7a8a"

[[projects]]
  branch = "master"
  digest = "1:33b76de987ff2353a0bef8f81b15b3ae462f7c47a0fd0e90798de1100ce34aad"
  name = "github.com/jasonlvhit/gocron"
  packages = ["."]
  pruneopts = ""
  revision = "54194c9749d48b073c9aeb2c787b6882e95dd0cd"

[[projects]]
  branch = "master"
  digest = "1:2c5ad58492804c40bdaf5d92039b0cde8b5becd2b7feeb37d7d1cc36a8aa8dbe"
  name = "github.com/kardianos/osext"
  packages = ["."]
  pruneopts = ""
  revision = "ae77be60afb1dcacde03767a8c37337fad28ac14"

[[projects]]
  branch = "master"
  digest = "1:fed90fa725d3b1bac0a760de64426834dfef4546474cf182f2ec94285afa74a8"
  name = "github.com/kardianos/service"
  packages = ["."]
  pruneopts = ""
  revision = "615a14ed75099c9eaac6949e22ac2341bf9d3197"

[[projects]]
  digest = "1:7365acd48986e205ccb8652cc746f09c8b7876030d53710ea6ef7d0bd0dcd7ca"
  name = "github.com/pkg/errors"
  packages = ["."]
  pruneopts = ""
  revision = "645ef00459ed84a119197bfb8d8205042c6df63d"
  version = "v0.8.0"

[[projects]]
  branch = "master"
  digest = "1:7180b8d84d3607d85b11dd6121a1fa24ede4a81b4456cef17e57b4038883ce10"
  name = "github.com/rickar/cal"
  packages = ["."]
  pruneopts = ""
  revision = "34e84d6b556c34731430a8ca083e4ab96b1b334e"

[[projects]]
  digest = "1:d136f7fd154800ff91bd897fbfa5ed159c3f0bbf01f04c6050a338e50fecfe30"
  name = "github.com/trivago/tgo"
  packages = [
    "tcontainer",
    "treflect",
  ]
  pruneopts = ""
  revision = "e4d1ddd28c17dd89ed26327cf69fded22060671b"
  version = "v1.0.1"

[[projects]]
  branch = "master"
  digest = "1:9ca540a348c8f7bc0eb140238fe1639beebe93f2b19ef326c455f4833ba708c0"
  name = "golang.org/x/sys"
  packages = [
    "windows",
    "windows/registry",
    "windows/svc",
    "windows/svc/eventlog",
    "windows/svc/mgr",
  ]
  pruneopts = ""
  revision = "0ffbfd41fbef8ffcf9b62b0b0aa3a5873ed7a4fe"

[solve-meta]
  analyzer-name = "dep"
  analyzer-version = 1
  input-imports = [
    "github.com/andygrunwald/go-jira",
    "github.com/eko/flowbot",
    "github.com/jasonlvhit/gocron",
    "github.com/kardianos/service",
    "github.com/rickar/cal",
  ]
  solver-name = "gps-cdcl"
  solver-version = 1
